Microsoft Visual Studio Solution File, Format Version 12.00
# Visual Studio Version 17
VisualStudioVersion = 17.14.37216.2
MinimumVisualStudioVersion = 10.0.40219.1
Project("{FAE04EC0-301F-11D3-BF4B-00C04F79EFBC}") = "RewAudioInspector", "RewAudioInspector.csproj", "{9B1C3877-0FA7-4636-A0FE-371465BE8741}"
EndProject
Global
	GlobalSection(SolutionConfigurationPlatforms) = preSolution
		Debug|Any CPU = Debug|Any CPU
		Release|Any CPU = Release|Any CPU
	EndGlobalSection
	GlobalSection(ProjectConfigurationPlatforms) = postSolution
		{9B1C3877-0FA7-4636-A0FE-371465BE8741}.Debug|Any CPU.ActiveCfg = Debug|Any CPU
		{9B1C3877-0FA7-4636-A0FE-371465BE8741}.Debug|Any CPU.Build.0 = Debug|Any CPU
		{9B1C3877-0FA7-4636-A0FE-371465BE8741}.Release|Any CPU.ActiveCfg = Release|Any CPU
		{9B1C3877-0FA7-4636-A0FE-371465BE8741}.Release|Any CPU.Build.0 = Release|Any CPU
	EndGlobalSection
	GlobalSection(SolutionProperties) = preSolution
		HideSolutionNode = FALSE
	EndGlobalSection
	GlobalSection(ExtensibilityGlobals) = postSolution
		SolutionGuid = {B1E63C2D-3456-4ABC-9123-DDF473500001}
	EndGlobalSection
EndGlobal
